<?xml version="1.0" encoding="utf-8"?>
<Project ToolsVersion="4.0" xmlns="http://schemas.microsoft.com/developer/msbuild/2003">
  <ItemGroup>
    <Filter Include="src">
      <UniqueIdentifier>{0DF498AB-2526-5B0A-4293-057AD4048E2D}</UniqueIdentifier>
    </Filter>
  </ItemGroup>
  <ItemGroup>
    <ClInclude Include="..\..\src\TextureUtils.h">
      <Filter>src</Filter>
    </ClInclude>
    <ClInclude Include="..\..\src\dds.h">
      <Filter>src</Filter>
    </ClInclude>
    <ClInclude Include="..\..\src\EnvMapMath.h">
      <Filter>src</Filter>
    </ClInclude>
    <ClInclude Include="..\..\src\CoordinateTransform.h">
      <Filter>src</Filter>
    </ClInclude>
  </ItemGroup>
  <ItemGroup>
    <ClCompile Include="..\..\src\main.cpp">
      <Filter>src</Filter>
    </ClCompile>
    <ClCompile Include="..\..\src\TextureUtils.cpp">
      <Filter>src</Filter>
    </ClCompile>
    <ClCompile Include="..\..\src\CoordinateTransform.cpp">
      <Filter>src</Filter>
    </ClCompile>
  </ItemGroup>
</Project>
