
Microsoft Visual Studio Solution File, Format Version 11.00
# Visual Studio 2010
Project("{8BC9CEB8-8B4A-11D0-8D11-00A0C91BC942}") = "png", "png.vcxproj", "{17161AA9-51C6-783A-D5FA-405DE2DDBDE6}"
EndProject
Project("{8BC9CEB8-8B4A-11D0-8D11-00A0C91BC942}") = "zlib", "zlib.vcxproj", "{9C3393D6-A13A-B928-96CB-41447E6C7594}"
EndProject
Project("{8BC9CEB8-8B4A-11D0-8D11-00A0C91BC942}") = "jpeg", "jpeg.vcxproj", "{FB1FD731-4B7E-FD73-5596-A913B58D857E}"
EndProject
Project("{8BC9CEB8-8B4A-11D0-8D11-00A0C91BC942}") = "EnvMapTool", "EnvMapTool.vcxproj", "{F7FEEB89-F50E-DF32-3AD5-E8372E032BC5}"
	ProjectSection(ProjectDependencies) = postProject
		{17161AA9-51C6-783A-D5FA-405DE2DDBDE6} = {17161AA9-51C6-783A-D5FA-405DE2DDBDE6}
		{9C3393D6-A13A-B928-96CB-41447E6C7594} = {9C3393D6-A13A-B928-96CB-41447E6C7594}
		{FB1FD731-4B7E-FD73-5596-A913B58D857E} = {FB1FD731-4B7E-FD73-5596-A913B58D857E}
	EndProjectSection
EndProject
Global
	GlobalSection(SolutionConfigurationPlatforms) = preSolution
		Debug|Win32 = Debug|Win32
		Release|Win32 = Release|Win32
	EndGlobalSection
	GlobalSection(ProjectConfigurationPlatforms) = postSolution
		{17161AA9-51C6-783A-D5FA-405DE2DDBDE6}.Debug|Win32.ActiveCfg = Debug|Win32
		{17161AA9-51C6-783A-D5FA-405DE2DDBDE6}.Debug|Win32.Build.0 = Debug|Win32
		{17161AA9-51C6-783A-D5FA-405DE2DDBDE6}.Release|Win32.ActiveCfg = Release|Win32
		{17161AA9-51C6-783A-D5FA-405DE2DDBDE6}.Release|Win32.Build.0 = Release|Win32
		{9C3393D6-A13A-B928-96CB-41447E6C7594}.Debug|Win32.ActiveCfg = Debug|Win32
		{9C3393D6-A13A-B928-96CB-41447E6C7594}.Debug|Win32.Build.0 = Debug|Win32
		{9C3393D6-A13A-B928-96CB-41447E6C7594}.Release|Win32.ActiveCfg = Release|Win32
		{9C3393D6-A13A-B928-96CB-41447E6C7594}.Release|Win32.Build.0 = Release|Win32
		{FB1FD731-4B7E-FD73-5596-A913B58D857E}.Debug|Win32.ActiveCfg = Debug|Win32
		{FB1FD731-4B7E-FD73-5596-A913B58D857E}.Debug|Win32.Build.0 = Debug|Win32
		{FB1FD731-4B7E-FD73-5596-A913B58D857E}.Release|Win32.ActiveCfg = Release|Win32
		{FB1FD731-4B7E-FD73-5596-A913B58D857E}.Release|Win32.Build.0 = Release|Win32
		{F7FEEB89-F50E-DF32-3AD5-E8372E032BC5}.Debug|Win32.ActiveCfg = Debug|Win32
		{F7FEEB89-F50E-DF32-3AD5-E8372E032BC5}.Debug|Win32.Build.0 = Debug|Win32
		{F7FEEB89-F50E-DF32-3AD5-E8372E032BC5}.Release|Win32.ActiveCfg = Release|Win32
		{F7FEEB89-F50E-DF32-3AD5-E8372E032BC5}.Release|Win32.Build.0 = Release|Win32
	EndGlobalSection
	GlobalSection(SolutionProperties) = preSolution
		HideSolutionNode = FALSE
	EndGlobalSection
EndGlobal
