<?xml version="1.0" encoding="utf-8"?>
<Project ToolsVersion="4.0" xmlns="http://schemas.microsoft.com/developer/msbuild/2003">
  <ItemGroup>
    <Filter Include="libs">
      <UniqueIdentifier>{C1D4A11F-7F6C-DEC5-4704-834B77BC1821}</UniqueIdentifier>
    </Filter>
    <Filter Include="libs\zlib">
      <UniqueIdentifier>{2D130852-00BC-8B31-0E09-CA0CB6D9DDA9}</UniqueIdentifier>
    </Filter>
  </ItemGroup>
  <ItemGroup>
    <ClInclude Include="..\..\libs\zlib\zutil.h">
      <Filter>libs\zlib</Filter>
    </ClInclude>
    <ClInclude Include="..\..\libs\zlib\zlib.h">
      <Filter>libs\zlib</Filter>
    </ClInclude>
    <ClInclude Include="..\..\libs\zlib\trees.h">
      <Filter>libs\zlib</Filter>
    </ClInclude>
    <ClInclude Include="..\..\libs\zlib\zconf.h">
      <Filter>libs\zlib</Filter>
    </ClInclude>
    <ClInclude Include="..\..\libs\zlib\inflate.h">
      <Filter>libs\zlib</Filter>
    </ClInclude>
    <ClInclude Include="..\..\libs\zlib\inffixed.h">
      <Filter>libs\zlib</Filter>
    </ClInclude>
    <ClInclude Include="..\..\libs\zlib\inffast.h">
      <Filter>libs\zlib</Filter>
    </ClInclude>
    <ClInclude Include="..\..\libs\zlib\crc32.h">
      <Filter>libs\zlib</Filter>
    </ClInclude>
    <ClInclude Include="..\..\libs\zlib\gzguts.h">
      <Filter>libs\zlib</Filter>
    </ClInclude>
    <ClInclude Include="..\..\libs\zlib\inftrees.h">
      <Filter>libs\zlib</Filter>
    </ClInclude>
    <ClInclude Include="..\..\libs\zlib\deflate.h">
      <Filter>libs\zlib</Filter>
    </ClInclude>
  </ItemGroup>
  <ItemGroup>
    <ClCompile Include="..\..\libs\zlib\inflate.c">
      <Filter>libs\zlib</Filter>
    </ClCompile>
    <ClCompile Include="..\..\libs\zlib\compress.c">
      <Filter>libs\zlib</Filter>
    </ClCompile>
    <ClCompile Include="..\..\libs\zlib\trees.c">
      <Filter>libs\zlib</Filter>
    </ClCompile>
    <ClCompile Include="..\..\libs\zlib\inftrees.c">
      <Filter>libs\zlib</Filter>
    </ClCompile>
    <ClCompile Include="..\..\libs\zlib\uncompr.c">
      <Filter>libs\zlib</Filter>
    </ClCompile>
    <ClCompile Include="..\..\libs\zlib\gzwrite.c">
      <Filter>libs\zlib</Filter>
    </ClCompile>
    <ClCompile Include="..\..\libs\zlib\crc32.c">
      <Filter>libs\zlib</Filter>
    </ClCompile>
    <ClCompile Include="..\..\libs\zlib\adler32.c">
      <Filter>libs\zlib</Filter>
    </ClCompile>
    <ClCompile Include="..\..\libs\zlib\gzlib.c">
      <Filter>libs\zlib</Filter>
    </ClCompile>
    <ClCompile Include="..\..\libs\zlib\deflate.c">
      <Filter>libs\zlib</Filter>
    </ClCompile>
    <ClCompile Include="..\..\libs\zlib\gzread.c">
      <Filter>libs\zlib</Filter>
    </ClCompile>
    <ClCompile Include="..\..\libs\zlib\inffast.c">
      <Filter>libs\zlib</Filter>
    </ClCompile>
    <ClCompile Include="..\..\libs\zlib\zutil.c">
      <Filter>libs\zlib</Filter>
    </ClCompile>
    <ClCompile Include="..\..\libs\zlib\gzclose.c">
      <Filter>libs\zlib</Filter>
    </ClCompile>
    <ClCompile Include="..\..\libs\zlib\infback.c">
      <Filter>libs\zlib</Filter>
    </ClCompile>
  </ItemGroup>
</Project>
